
Microsoft Visual Studio Solution File, Format Version 12.00
# Visual Studio Version 16
VisualStudioVersion = 16.0.31613.86
MinimumVisualStudioVersion = 10.0.40219.1
Project("{FAE04EC0-301F-11D3-BF4B-00C04F79EFBC}") = "TaskAppointmentManager.API", "TaskAppointmentManager.API\TaskAppointmentManager.API.csproj", "{21B83C00-DE26-4A0E-A998-1E430B381E0F}"
EndProject
Global
	GlobalSection(SolutionConfigurationPlatforms) = preSolution
		Debug|Any CPU = Debug|Any CPU
		Release|Any CPU = Release|Any CPU
	EndGlobalSection
	GlobalSection(ProjectConfigurationPlatforms) = postSolution
		{21B83C00-DE26-4A0E-A998-1E430B381E0F}.Debug|Any CPU.ActiveCfg = Debug|Any CPU
		{21B83C00-DE26-4A0E-A998-1E430B381E0F}.Debug|Any CPU.Build.0 = Debug|Any CPU
		{21B83C00-DE26-4A0E-A998-1E430B381E0F}.Release|Any CPU.ActiveCfg = Release|Any CPU
		{21B83C00-DE26-4A0E-A998-1E430B381E0F}.Release|Any CPU.Build.0 = Release|Any CPU
	EndGlobalSection
	GlobalSection(SolutionProperties) = preSolution
		HideSolutionNode = FALSE
	EndGlobalSection
	GlobalSection(ExtensibilityGlobals) = postSolution
		SolutionGuid = {59417FC3-BAE2-4C75-9406-498C3F68A1BF}
	EndGlobalSection
EndGlobal
